
Microsoft Visual Studio Solution File, Format Version 11.00
# Visual Studio 2010
Project("{8BC9CEB8-8B4A-11D0-8D11-00A0C91BC942}") = "AdaptorPattern", "AdaptorPattern\AdaptorPattern.vcxproj", "{8877F1EA-0ADC-4E23-8C0F-7CF65E4FC1F7}"
EndProject
Global
	GlobalSection(SolutionConfigurationPlatforms) = preSolution
		Debug|Win32 = Debug|Win32
		Release|Win32 = Release|Win32
	EndGlobalSection
	GlobalSection(ProjectConfigurationPlatforms) = postSolution
		{8877F1EA-0ADC-4E23-8C0F-7CF65E4FC1F7}.Debug|Win32.ActiveCfg = Debug|Win32
		{8877F1EA-0ADC-4E23-8C0F-7CF65E4FC1F7}.Debug|Win32.Build.0 = Debug|Win32
		{8877F1EA-0ADC-4E23-8C0F-7CF65E4FC1F7}.Release|Win32.ActiveCfg = Release|Win32
		{8877F1EA-0ADC-4E23-8C0F-7CF65E4FC1F7}.Release|Win32.Build.0 = Release|Win32
	EndGlobalSection
	GlobalSection(SolutionProperties) = preSolution
		HideSolutionNode = FALSE
	EndGlobalSection
EndGlobal
